
Microsoft Visual Studio Solution File, Format Version 12.00
# Visual Studio Version 17
VisualStudioVersion = 17.3.32804.467
MinimumVisualStudioVersion = 10.0.40219.1
Project("{FAE04EC0-301F-11D3-BF4B-00C04F79EFBC}") = "EFCore_Console_App", "EFCore_Console_App.csproj", "{C58AAF8C-8731-46BC-9147-60B20698DB6E}"
EndProject
Project("{9A19103F-16F7-4668-BE54-9A1E7A4F7556}") = "EFCore_DBLibrary", "EFCore_DBLibrary\EFCore_DBLibrary\EFCore_DBLibrary.csproj", "{33C19E17-2831-43C9-B5E7-2F68188F7EB6}"
EndProject
Global
	GlobalSection(SolutionConfigurationPlatforms) = preSolution
		Debug|Any CPU = Debug|Any CPU
		Release|Any CPU = Release|Any CPU
	EndGlobalSection
	GlobalSection(ProjectConfigurationPlatforms) = postSolution
		{C58AAF8C-8731-46BC-9147-60B20698DB6E}.Debug|Any CPU.ActiveCfg = Debug|Any CPU
		{C58AAF8C-8731-46BC-9147-60B20698DB6E}.Debug|Any CPU.Build.0 = Debug|Any CPU
		{C58AAF8C-8731-46BC-9147-60B20698DB6E}.Release|Any CPU.ActiveCfg = Release|Any CPU
		{C58AAF8C-8731-46BC-9147-60B20698DB6E}.Release|Any CPU.Build.0 = Release|Any CPU
		{33C19E17-2831-43C9-B5E7-2F68188F7EB6}.Debug|Any CPU.ActiveCfg = Debug|Any CPU
		{33C19E17-2831-43C9-B5E7-2F68188F7EB6}.Debug|Any CPU.Build.0 = Debug|Any CPU
		{33C19E17-2831-43C9-B5E7-2F68188F7EB6}.Release|Any CPU.ActiveCfg = Release|Any CPU
		{33C19E17-2831-43C9-B5E7-2F68188F7EB6}.Release|Any CPU.Build.0 = Release|Any CPU
	EndGlobalSection
	GlobalSection(SolutionProperties) = preSolution
		HideSolutionNode = FALSE
	EndGlobalSection
	GlobalSection(ExtensibilityGlobals) = postSolution
		SolutionGuid = {6F670CC3-E700-44A1-B1D2-EACAEB2224C5}
	EndGlobalSection
EndGlobal
